// !$*UTF8*$!
{
	archiveVersion = 1;
	classes = {
	};
	objectVersion = 56;
	objects = {

/* Begin PBXBuildFile section */
		1488083B2A97BBC700F60833 /* CodableChallengeApp.swift in Sources */ = {isa = PBXBuildFile; fileRef = 1488083A2A97BBC700F60833 /* CodableChallengeApp.swift */; };
		1488083D2A97BBC700F60833 /* ContentView.swift in Sources */ = {isa = PBXBuildFile; fileRef = 1488083C2A97BBC700F60833 /* ContentView.swift */; };
		1488083F2A97BBC900F60833 /* Assets.xcassets in Resources */ = {isa = PBXBuildFile; fileRef = 1488083E2A97BBC900F60833 /* Assets.xcassets */; };
		148808422A97BBC900F60833 /* Preview Assets.xcassets in Resources */ = {isa = PBXBuildFile; fileRef = 148808412A97BBC900F60833 /* Preview Assets.xcassets */; };
		148808492A97BC1700F60833 /* UserInfo.swift in Sources */ = {isa = PBXBuildFile; fileRef = 148808482A97BC1700F60833 /* UserInfo.swift */; };
		1488084B2A97F01100F60833 /* PersonInfo.swift in Sources */ = {isa = PBXBuildFile; fileRef = 1488084A2A97F01100F60833 /* PersonInfo.swift */; };
		148808502A99449200F60833 /* Cache.xcdatamodeld in Sources */ = {isa = PBXBuildFile; fileRef = 1488084E2A99449200F60833 /* Cache.xcdatamodeld */; };
		148808552A99471000F60833 /* CachedUser+CoreDataClass.swift in Sources */ = {isa = PBXBuildFile; fileRef = 148808512A99471000F60833 /* CachedUser+CoreDataClass.swift */; };
		148808562A99471000F60833 /* CachedUser+CoreDataProperties.swift in Sources */ = {isa = PBXBuildFile; fileRef = 148808522A99471000F60833 /* CachedUser+CoreDataProperties.swift */; };
		148808572A99471000F60833 /* CachedFriend+CoreDataClass.swift in Sources */ = {isa = PBXBuildFile; fileRef = 148808532A99471000F60833 /* CachedFriend+CoreDataClass.swift */; };
		148808582A99471000F60833 /* CachedFriend+CoreDataProperties.swift in Sources */ = {isa = PBXBuildFile; fileRef = 148808542A99471000F60833 /* CachedFriend+CoreDataProperties.swift */; };
		1488085A2A994BE800F60833 /* DataController.swift in Sources */ = {isa = PBXBuildFile; fileRef = 148808592A994BE800F60833 /* DataController.swift */; };
		1488085C2A994DA500F60833 /* FilterData.swift in Sources */ = {isa = PBXBuildFile; fileRef = 1488085B2A994DA500F60833 /* FilterData.swift */; };
/* End PBXBuildFile section */

/* Begin PBXFileReference section */
		148808372A97BBC700F60833 /* CodableChallenge.app */ = {isa = PBXFileReference; explicitFileType = wrapper.application; includeInIndex = 0; path = CodableChallenge.app; sourceTree = BUILT_PRODUCTS_DIR; };
		1488083A2A97BBC700F60833 /* CodableChallengeApp.swift */ = {isa = PBXFileReference; lastKnownFileType = sourcecode.swift; path = CodableChallengeApp.swift; sourceTree = "<group>"; };
		1488083C2A97BBC700F60833 /* ContentView.swift */ = {isa = PBXFileReference; lastKnownFileType = sourcecode.swift; path = ContentView.swift; sourceTree = "<group>"; };
		1488083E2A97BBC900F60833 /* Assets.xcassets */ = {isa = PBXFileReference; lastKnownFileType = folder.assetcatalog; path = Assets.xcassets; sourceTree = "<group>"; };
		148808412A97BBC900F60833 /* Preview Assets.xcassets */ = {isa = PBXFileReference; lastKnownFileType = folder.assetcatalog; path = "Preview Assets.xcassets"; sourceTree = "<group>"; };
		148808482A97BC1700F60833 /* UserInfo.swift */ = {isa = PBXFileReference; lastKnownFileType = sourcecode.swift; path = UserInfo.swift; sourceTree = "<group>"; };
		1488084A2A97F01100F60833 /* PersonInfo.swift */ = {isa = PBXFileReference; lastKnownFileType = sourcecode.swift; path = PersonInfo.swift; sourceTree = "<group>"; };
		1488084F2A99449200F60833 /* Cache.xcdatamodel */ = {isa = PBXFileReference; lastKnownFileType = wrapper.xcdatamodel; path = Cache.xcdatamodel; sourceTree = "<group>"; };
		148808512A99471000F60833 /* CachedUser+CoreDataClass.swift */ = {isa = PBXFileReference; lastKnownFileType = sourcecode.swift; path = "CachedUser+CoreDataClass.swift"; sourceTree = SOURCE_ROOT; };
		148808522A99471000F60833 /* CachedUser+CoreDataProperties.swift */ = {isa = PBXFileReference; lastKnownFileType = sourcecode.swift; path = "CachedUser+CoreDataProperties.swift"; sourceTree = SOURCE_ROOT; };
		148808532A99471000F60833 /* CachedFriend+CoreDataClass.swift */ = {isa = PBXFileReference; lastKnownFileType = sourcecode.swift; path = "CachedFriend+CoreDataClass.swift"; sourceTree = SOURCE_ROOT; };
		148808542A99471000F60833 /* CachedFriend+CoreDataProperties.swift */ = {isa = PBXFileReference; lastKnownFileType = sourcecode.swift; path = "CachedFriend+CoreDataProperties.swift"; sourceTree = SOURCE_ROOT; };
		148808592A994BE800F60833 /* DataController.swift */ = {isa = PBXFileReference; lastKnownFileType = sourcecode.swift; path = DataController.swift; sourceTree = "<group>"; };
		1488085B2A994DA500F60833 /* FilterData.swift */ = {isa = PBXFileReference; fileEncoding = 4; lastKnownFileType = sourcecode.swift; path = FilterData.swift; sourceTree = "<group>"; };
/* End PBXFileReference section */

/* Begin PBXFrameworksBuildPhase section */
		148808342A97BBC700F60833 /* Frameworks */ = {
			isa = PBXFrameworksBuildPhase;
			buildActionMask = 2147483647;
			files = (
			);
			runOnlyForDeploymentPostprocessing = 0;
		};
/* End PBXFrameworksBuildPhase section */

/* Begin PBXGroup section */
		1488082E2A97BBC700F60833 = {
			isa = PBXGroup;
			children = (
				148808392A97BBC700F60833 /* CodableChallenge */,
				148808382A97BBC700F60833 /* Products */,
			);
			sourceTree = "<group>";
		};
		148808382A97BBC700F60833 /* Products */ = {
			isa = PBXGroup;
			children = (
				148808372A97BBC700F60833 /* CodableChallenge.app */,
			);
			name = Products;
			sourceTree = "<group>";
		};
		148808392A97BBC700F60833 /* CodableChallenge */ = {
			isa = PBXGroup;
			children = (
				148808512A99471000F60833 /* CachedUser+CoreDataClass.swift */,
				148808522A99471000F60833 /* CachedUser+CoreDataProperties.swift */,
				148808532A99471000F60833 /* CachedFriend+CoreDataClass.swift */,
				148808542A99471000F60833 /* CachedFriend+CoreDataProperties.swift */,
				1488083A2A97BBC700F60833 /* CodableChallengeApp.swift */,
				148808592A994BE800F60833 /* DataController.swift */,
				1488083C2A97BBC700F60833 /* ContentView.swift */,
				1488084A2A97F01100F60833 /* PersonInfo.swift */,
				1488085B2A994DA500F60833 /* FilterData.swift */,
				148808482A97BC1700F60833 /* UserInfo.swift */,
				1488084E2A99449200F60833 /* Cache.xcdatamodeld */,
				1488083E2A97BBC900F60833 /* Assets.xcassets */,
				148808402A97BBC900F60833 /* Preview Content */,
			);
			path = CodableChallenge;
			sourceTree = "<group>";
		};
		148808402A97BBC900F60833 /* Preview Content */ = {
			isa = PBXGroup;
			children = (
				148808412A97BBC900F60833 /* Preview Assets.xcassets */,
			);
			path = "Preview Content";
			sourceTree = "<group>";
		};
/* End PBXGroup section */

/* Begin PBXNativeTarget section */
		148808362A97BBC700F60833 /* CodableChallenge */ = {
			isa = PBXNativeTarget;
			buildConfigurationList = 148808452A97BBC900F60833 /* Build configuration list for PBXNativeTarget "CodableChallenge" */;
			buildPhases = (
				148808332A97BBC700F60833 /* Sources */,
				148808342A97BBC700F60833 /* Frameworks */,
				148808352A97BBC700F60833 /* Resources */,
			);
			buildRules = (
			);
			dependencies = (
			);
			name = CodableChallenge;
			productName = CodableChallenge;
			productReference = 148808372A97BBC700F60833 /* CodableChallenge.app */;
			productType = "com.apple.product-type.application";
		};
/* End PBXNativeTarget section */

/* Begin PBXProject section */
		1488082F2A97BBC700F60833 /* Project object */ = {
			isa = PBXProject;
			attributes = {
				BuildIndependentTargetsInParallel = 1;
				LastSwiftUpdateCheck = 1430;
				LastUpgradeCheck = 1430;
				TargetAttributes = {
					148808362A97BBC700F60833 = {
						CreatedOnToolsVersion = 14.3.1;
					};
				};
			};
			buildConfigurationList = 148808322A97BBC700F60833 /* Build configuration list for PBXProject "CodableChallenge" */;
			compatibilityVersion = "Xcode 14.0";
			developmentRegion = en;
			hasScannedForEncodings = 0;
			knownRegions = (
				en,
				Base,
			);
			mainGroup = 1488082E2A97BBC700F60833;
			productRefGroup = 148808382A97BBC700F60833 /* Products */;
			projectDirPath = "";
			projectRoot = "";
			targets = (
				148808362A97BBC700F60833 /* CodableChallenge */,
			);
		};
/* End PBXProject section */

/* Begin PBXResourcesBuildPhase section */
		148808352A97BBC700F60833 /* Resources */ = {
			isa = PBXResourcesBuildPhase;
			buildActionMask = 2147483647;
			files = (
				148808422A97BBC900F60833 /* Preview Assets.xcassets in Resources */,
				1488083F2A97BBC900F60833 /* Assets.xcassets in Resources */,
			);
			runOnlyForDeploymentPostprocessing = 0;
		};
/* End PBXResourcesBuildPhase section */

/* Begin PBXSourcesBuildPhase section */
		148808332A97BBC700F60833 /* Sources */ = {
			isa = PBXSourcesBuildPhase;
			buildActionMask = 2147483647;
			files = (
				148808572A99471000F60833 /* CachedFriend+CoreDataClass.swift in Sources */,
				148808582A99471000F60833 /* CachedFriend+CoreDataProperties.swift in Sources */,
				148808562A99471000F60833 /* CachedUser+CoreDataProperties.swift in Sources */,
				1488083D2A97BBC700F60833 /* ContentView.swift in Sources */,
				1488085C2A994DA500F60833 /* FilterData.swift in Sources */,
				148808492A97BC1700F60833 /* UserInfo.swift in Sources */,
				148808502A99449200F60833 /* Cache.xcdatamodeld in Sources */,
				1488084B2A97F01100F60833 /* PersonInfo.swift in Sources */,
				1488083B2A97BBC700F60833 /* CodableChallengeApp.swift in Sources */,
				148808552A99471000F60833 /* CachedUser+CoreDataClass.swift in Sources */,
				1488085A2A994BE800F60833 /* DataController.swift in Sources */,
			);
			runOnlyForDeploymentPostprocessing = 0;
		};
/* End PBXSourcesBuildPhase section */

/* Begin XCBuildConfiguration section */
		148808432A97BBC900F60833 /* Debug */ = {
			isa = XCBuildConfiguration;
			buildSettings = {
				ALWAYS_SEARCH_USER_PATHS = NO;
				CLANG_ANALYZER_NONNULL = YES;
				CLANG_ANALYZER_NUMBER_OBJECT_CONVERSION = YES_AGGRESSIVE;
				CLANG_CXX_LANGUAGE_STANDARD = "gnu++20";
				CLANG_ENABLE_MODULES = YES;
				CLANG_ENABLE_OBJC_ARC = YES;
				CLANG_ENABLE_OBJC_WEAK = YES;
				CLANG_WARN_BLOCK_CAPTURE_AUTORELEASING = YES;
				CLANG_WARN_BOOL_CONVERSION = YES;
				CLANG_WARN_COMMA = YES;
				CLANG_WARN_CONSTANT_CONVERSION = YES;
				CLANG_WARN_DEPRECATED_OBJC_IMPLEMENTATIONS = YES;
				CLANG_WARN_DIRECT_OBJC_ISA_USAGE = YES_ERROR;
				CLANG_WARN_DOCUMENTATION_COMMENTS = YES;
				CLANG_WARN_EMPTY_BODY = YES;
				CLANG_WARN_ENUM_CONVERSION = YES;
				CLANG_WARN_INFINITE_RECURSION = YES;
				CLANG_WARN_INT_CONVERSION = YES;
				CLANG_WARN_NON_LITERAL_NULL_CONVERSION = YES;
				CLANG_WARN_OBJC_IMPLICIT_RETAIN_SELF = YES;
				CLANG_WARN_OBJC_LITERAL_CONVERSION = YES;
				CLANG_WARN_OBJC_ROOT_CLASS = YES_ERROR;
				CLANG_WARN_QUOTED_INCLUDE_IN_FRAMEWORK_HEADER = YES;
				CLANG_WARN_RANGE_LOOP_ANALYSIS = YES;
				CLANG_WARN_STRICT_PROTOTYPES = YES;
				CLANG_WARN_SUSPICIOUS_MOVE = YES;
				CLANG_WARN_UNGUARDED_AVAILABILITY = YES_AGGRESSIVE;
				CLANG_WARN_UNREACHABLE_CODE = YES;
				CLANG_WARN__DUPLICATE_METHOD_MATCH = YES;
				COPY_PHASE_STRIP = NO;
				DEBUG_INFORMATION_FORMAT = dwarf;
				ENABLE_STRICT_OBJC_MSGSEND = YES;
				ENABLE_TESTABILITY = YES;
				GCC_C_LANGUAGE_STANDARD = gnu11;
				GCC_DYNAMIC_NO_PIC = NO;
				GCC_NO_COMMON_BLOCKS = YES;
				GCC_OPTIMIZATION_LEVEL = 0;
				GCC_PREPROCESSOR_DEFINITIONS = (
					"DEBUG=1",
					"$(inherited)",
				);
				GCC_WARN_64_TO_32_BIT_CONVERSION = YES;
				GCC_WARN_ABOUT_RETURN_TYPE = YES_ERROR;
				GCC_WARN_UNDECLARED_SELECTOR = YES;
				GCC_WARN_UNINITIALIZED_AUTOS = YES_AGGRESSIVE;
				GCC_WARN_UNUSED_FUNCTION = YES;
				GCC_WARN_UNUSED_VARIABLE = YES;
				IPHONEOS_DEPLOYMENT_TARGET = 16.4;
				MTL_ENABLE_DEBUG_INFO = INCLUDE_SOURCE;
				MTL_FAST_MATH = YES;
				ONLY_ACTIVE_ARCH = YES;
				SDKROOT = iphoneos;
				SWIFT_ACTIVE_COMPILATION_CONDITIONS = DEBUG;
				SWIFT_OPTIMIZATION_LEVEL = "-Onone";
			};
			name = Debug;
		};
		148808442A97BBC900F60833 /* Release */ = {
			isa = XCBuildConfiguration;
			buildSettings = {
				ALWAYS_SEARCH_USER_PATHS = NO;
				CLANG_ANALYZER_NONNULL = YES;
				CLANG_ANALYZER_NUMBER_OBJECT_CONVERSION = YES_AGGRESSIVE;
				CLANG_CXX_LANGUAGE_STANDARD = "gnu++20";
				CLANG_ENABLE_MODULES = YES;
				CLANG_ENABLE_OBJC_ARC = YES;
				CLANG_ENABLE_OBJC_WEAK = YES;
				CLANG_WARN_BLOCK_CAPTURE_AUTORELEASING = YES;
				CLANG_WARN_BOOL_CONVERSION = YES;
				CLANG_WARN_COMMA = YES;
				CLANG_WARN_CONSTANT_CONVERSION = YES;
				CLANG_WARN_DEPRECATED_OBJC_IMPLEMENTATIONS = YES;
				CLANG_WARN_DIRECT_OBJC_ISA_USAGE = YES_ERROR;
				CLANG_WARN_DOCUMENTATION_COMMENTS = YES;
				CLANG_WARN_EMPTY_BODY = YES;
				CLANG_WARN_ENUM_CONVERSION = YES;
				CLANG_WARN_INFINITE_RECURSION = YES;
				CLANG_WARN_INT_CONVERSION = YES;
				CLANG_WARN_NON_LITERAL_NULL_CONVERSION = YES;
				CLANG_WARN_OBJC_IMPLICIT_RETAIN_SELF = YES;
				CLANG_WARN_OBJC_LITERAL_CONVERSION = YES;
				CLANG_WARN_OBJC_ROOT_CLASS = YES_ERROR;
				CLANG_WARN_QUOTED_INCLUDE_IN_FRAMEWORK_HEADER = YES;
				CLANG_WARN_RANGE_LOOP_ANALYSIS = YES;
				CLANG_WARN_STRICT_PROTOTYPES = YES;
				CLANG_WARN_SUSPICIOUS_MOVE = YES;
				CLANG_WARN_UNGUARDED_AVAILABILITY = YES_AGGRESSIVE;
				CLANG_WARN_UNREACHABLE_CODE = YES;
				CLANG_WARN__DUPLICATE_METHOD_MATCH = YES;
				COPY_PHASE_STRIP = NO;
				DEBUG_INFORMATION_FORMAT = "dwarf-with-dsym";
				ENABLE_NS_ASSERTIONS = NO;
				ENABLE_STRICT_OBJC_MSGSEND = YES;
				GCC_C_LANGUAGE_STANDARD = gnu11;
				GCC_NO_COMMON_BLOCKS = YES;
				GCC_WARN_64_TO_32_BIT_CONVERSION = YES;
				GCC_WARN_ABOUT_RETURN_TYPE = YES_ERROR;
				GCC_WARN_UNDECLARED_SELECTOR = YES;
				GCC_WARN_UNINITIALIZED_AUTOS = YES_AGGRESSIVE;
				GCC_WARN_UNUSED_FUNCTION = YES;
				GCC_WARN_UNUSED_VARIABLE = YES;
				IPHONEOS_DEPLOYMENT_TARGET = 16.4;
				MTL_ENABLE_DEBUG_INFO = NO;
				MTL_FAST_MATH = YES;
				SDKROOT = iphoneos;
				SWIFT_COMPILATION_MODE = wholemodule;
				SWIFT_OPTIMIZATION_LEVEL = "-O";
				VALIDATE_PRODUCT = YES;
			};
			name = Release;
		};
		148808462A97BBC900F60833 /* Debug */ = {
			isa = XCBuildConfiguration;
			buildSettings = {
				ASSETCATALOG_COMPILER_APPICON_NAME = AppIcon;
				ASSETCATALOG_COMPILER_GLOBAL_ACCENT_COLOR_NAME = AccentColor;
				CODE_SIGN_STYLE = Automatic;
				CURRENT_PROJECT_VERSION = 1;
				DEVELOPMENT_ASSET_PATHS = "\"CodableChallenge/Preview Content\"";
				DEVELOPMENT_TEAM = 2SS9FAQ8LA;
				ENABLE_PREVIEWS = YES;
				GENERATE_INFOPLIST_FILE = YES;
				INFOPLIST_KEY_UIApplicationSceneManifest_Generation = YES;
				INFOPLIST_KEY_UIApplicationSupportsIndirectInputEvents = YES;
				INFOPLIST_KEY_UILaunchScreen_Generation = YES;
				INFOPLIST_KEY_UISupportedInterfaceOrientations_iPad = "UIInterfaceOrientationPortrait UIInterfaceOrientationPortraitUpsideDown UIInterfaceOrientationLandscapeLeft UIInterfaceOrientationLandscapeRight";
				INFOPLIST_KEY_UISupportedInterfaceOrientations_iPhone = "UIInterfaceOrientationPortrait UIInterfaceOrientationLandscapeLeft UIInterfaceOrientationLandscapeRight";
				LD_RUNPATH_SEARCH_PATHS = (
					"$(inherited)",
					"@executable_path/Frameworks",
				);
				MARKETING_VERSION = 1.0;
				PRODUCT_BUNDLE_IDENTIFIER = com.Mohanad.CodableChallenge;
				PRODUCT_NAME = "$(TARGET_NAME)";
				SWIFT_EMIT_LOC_STRINGS = YES;
				SWIFT_VERSION = 5.0;
				TARGETED_DEVICE_FAMILY = "1,2";
			};
			name = Debug;
		};
		148808472A97BBC900F60833 /* Release */ = {
			isa = XCBuildConfiguration;
			buildSettings = {
				ASSETCATALOG_COMPILER_APPICON_NAME = AppIcon;
				ASSETCATALOG_COMPILER_GLOBAL_ACCENT_COLOR_NAME = AccentColor;
				CODE_SIGN_STYLE = Automatic;
				CURRENT_PROJECT_VERSION = 1;
				DEVELOPMENT_ASSET_PATHS = "\"CodableChallenge/Preview Content\"";
				DEVELOPMENT_TEAM = 2SS9FAQ8LA;
				ENABLE_PREVIEWS = YES;
				GENERATE_INFOPLIST_FILE = YES;
				INFOPLIST_KEY_UIApplicationSceneManifest_Generation = YES;
				INFOPLIST_KEY_UIApplicationSupportsIndirectInputEvents = YES;
				INFOPLIST_KEY_UILaunchScreen_Generation = YES;
				INFOPLIST_KEY_UISupportedInterfaceOrientations_iPad = "UIInterfaceOrientationPortrait UIInterfaceOrientationPortraitUpsideDown UIInterfaceOrientationLandscapeLeft UIInterfaceOrientationLandscapeRight";
				INFOPLIST_KEY_UISupportedInterfaceOrientations_iPhone = "UIInterfaceOrientationPortrait UIInterfaceOrientationLandscapeLeft UIInterfaceOrientationLandscapeRight";
				LD_RUNPATH_SEARCH_PATHS = (
					"$(inherited)",
					"@executable_path/Frameworks",
				);
				MARKETING_VERSION = 1.0;
				PRODUCT_BUNDLE_IDENTIFIER = com.Mohanad.CodableChallenge;
				PRODUCT_NAME = "$(TARGET_NAME)";
				SWIFT_EMIT_LOC_STRINGS = YES;
				SWIFT_VERSION = 5.0;
				TARGETED_DEVICE_FAMILY = "1,2";
			};
			name = Release;
		};
/* End XCBuildConfiguration section */

/* Begin XCConfigurationList section */
		148808322A97BBC700F60833 /* Build configuration list for PBXProject "CodableChallenge" */ = {
			isa = XCConfigurationList;
			buildConfigurations = (
				148808432A97BBC900F60833 /* Debug */,
				148808442A97BBC900F60833 /* Release */,
			);
			defaultConfigurationIsVisible = 0;
			defaultConfigurationName = Release;
		};
		148808452A97BBC900F60833 /* Build configuration list for PBXNativeTarget "CodableChallenge" */ = {
			isa = XCConfigurationList;
			buildConfigurations = (
				148808462A97BBC900F60833 /* Debug */,
				148808472A97BBC900F60833 /* Release */,
			);
			defaultConfigurationIsVisible = 0;
			defaultConfigurationName = Release;
		};
/* End XCConfigurationList section */

/* Begin XCVersionGroup section */
		1488084E2A99449200F60833 /* Cache.xcdatamodeld */ = {
			isa = XCVersionGroup;
			children = (
				1488084F2A99449200F60833 /* Cache.xcdatamodel */,
			);
			currentVersion = 1488084F2A99449200F60833 /* Cache.xcdatamodel */;
			path = Cache.xcdatamodeld;
			sourceTree = "<group>";
			versionGroupType = wrapper.xcdatamodel;
		};
/* End XCVersionGroup section */
	};
	rootObject = 1488082F2A97BBC700F60833 /* Project object */;
}
